
Microsoft Visual Studio Solution File, Format Version 12.00
# Visual Studio Version 17
VisualStudioVersion = 17.14.36109.1 d17.14
MinimumVisualStudioVersion = 10.0.40219.1
Project("{FAE04EC0-301F-11D3-BF4B-00C04F79EFBC}") = "Book_Management2", "Book_Management2\Book_Management2.csproj", "{F114E98B-657C-4137-9DA5-B89D4E0A017A}"
EndProject
Global
	GlobalSection(SolutionConfigurationPlatforms) = preSolution
		Debug|Any CPU = Debug|Any CPU
		Release|Any CPU = Release|Any CPU
	EndGlobalSection
	GlobalSection(ProjectConfigurationPlatforms) = postSolution
		{F114E98B-657C-4137-9DA5-B89D4E0A017A}.Debug|Any CPU.ActiveCfg = Debug|Any CPU
		{F114E98B-657C-4137-9DA5-B89D4E0A017A}.Debug|Any CPU.Build.0 = Debug|Any CPU
		{F114E98B-657C-4137-9DA5-B89D4E0A017A}.Release|Any CPU.ActiveCfg = Release|Any CPU
		{F114E98B-657C-4137-9DA5-B89D4E0A017A}.Release|Any CPU.Build.0 = Release|Any CPU
	EndGlobalSection
	GlobalSection(SolutionProperties) = preSolution
		HideSolutionNode = FALSE
	EndGlobalSection
	GlobalSection(ExtensibilityGlobals) = postSolution
		SolutionGuid = {851092D1-1177-46BD-9683-EE20D80CD305}
	EndGlobalSection
EndGlobal
