
Microsoft Visual Studio Solution File, Format Version 12.00
# Visual Studio Version 17
VisualStudioVersion = 17.14.36109.1 d17.14
MinimumVisualStudioVersion = 10.0.40219.1
Project("{FAE04EC0-301F-11D3-BF4B-00C04F79EFBC}") = "Books_Api", "Books_Api\Books_Api.csproj", "{10CF6861-2AA3-42CA-99BD-86023E4D8E9E}"
EndProject
Project("{FAE04EC0-301F-11D3-BF4B-00C04F79EFBC}") = "Books_Api.Data", "Book_Api.Data\Books_Api.Data.csproj", "{C89A31B8-67E9-4CD9-B3F1-D72AFDB2B803}"
EndProject
Project("{FAE04EC0-301F-11D3-BF4B-00C04F79EFBC}") = "Books_Api.Entities", "Books_Api.Entities\Books_Api.Entities.csproj", "{DC92BE4E-E764-4191-8769-5B4E4FD1A873}"
EndProject
Project("{FAE04EC0-301F-11D3-BF4B-00C04F79EFBC}") = "Books_Api.Services", "Books_Api.Services\Books_Api.Services.csproj", "{CD5CC014-19AC-4978-89F7-C81ABA137512}"
EndProject
Global
	GlobalSection(SolutionConfigurationPlatforms) = preSolution
		Debug|Any CPU = Debug|Any CPU
		Release|Any CPU = Release|Any CPU
	EndGlobalSection
	GlobalSection(ProjectConfigurationPlatforms) = postSolution
		{10CF6861-2AA3-42CA-99BD-86023E4D8E9E}.Debug|Any CPU.ActiveCfg = Debug|Any CPU
		{10CF6861-2AA3-42CA-99BD-86023E4D8E9E}.Debug|Any CPU.Build.0 = Debug|Any CPU
		{10CF6861-2AA3-42CA-99BD-86023E4D8E9E}.Release|Any CPU.ActiveCfg = Release|Any CPU
		{10CF6861-2AA3-42CA-99BD-86023E4D8E9E}.Release|Any CPU.Build.0 = Release|Any CPU
		{C89A31B8-67E9-4CD9-B3F1-D72AFDB2B803}.Debug|Any CPU.ActiveCfg = Debug|Any CPU
		{C89A31B8-67E9-4CD9-B3F1-D72AFDB2B803}.Debug|Any CPU.Build.0 = Debug|Any CPU
		{C89A31B8-67E9-4CD9-B3F1-D72AFDB2B803}.Release|Any CPU.ActiveCfg = Release|Any CPU
		{C89A31B8-67E9-4CD9-B3F1-D72AFDB2B803}.Release|Any CPU.Build.0 = Release|Any CPU
		{DC92BE4E-E764-4191-8769-5B4E4FD1A873}.Debug|Any CPU.ActiveCfg = Debug|Any CPU
		{DC92BE4E-E764-4191-8769-5B4E4FD1A873}.Debug|Any CPU.Build.0 = Debug|Any CPU
		{DC92BE4E-E764-4191-8769-5B4E4FD1A873}.Release|Any CPU.ActiveCfg = Release|Any CPU
		{DC92BE4E-E764-4191-8769-5B4E4FD1A873}.Release|Any CPU.Build.0 = Release|Any CPU
		{CD5CC014-19AC-4978-89F7-C81ABA137512}.Debug|Any CPU.ActiveCfg = Debug|Any CPU
		{CD5CC014-19AC-4978-89F7-C81ABA137512}.Debug|Any CPU.Build.0 = Debug|Any CPU
		{CD5CC014-19AC-4978-89F7-C81ABA137512}.Release|Any CPU.ActiveCfg = Release|Any CPU
		{CD5CC014-19AC-4978-89F7-C81ABA137512}.Release|Any CPU.Build.0 = Release|Any CPU
	EndGlobalSection
	GlobalSection(SolutionProperties) = preSolution
		HideSolutionNode = FALSE
	EndGlobalSection
	GlobalSection(ExtensibilityGlobals) = postSolution
		SolutionGuid = {C6AA3826-EF94-4EC9-82ED-DB902BBB0E77}
	EndGlobalSection
EndGlobal
